// !$*UTF8*$!
{
	archiveVersion = 1;
	classes = {
	};
	objectVersion = 46;
	objects = {

/* Begin PBXBuildFile section */
		DE28C80F1DAFAEC70095E686 /* MLA.cpp in Sources */ = {isa = PBXBuildFile; fileRef = DE28C80D1DAFAEC70095E686 /* MLA.cpp */; };
		DE3F68C81DAE5E14003C9B4C /* Label.cpp in Sources */ = {isa = PBXBuildFile; fileRef = DE3F68C61DAE5E14003C9B4C /* Label.cpp */; };
		DE561D611DAD1FCF00015208 /* TripleTuple.cpp in Sources */ = {isa = PBXBuildFile; fileRef = DE561D601DAD1FCF00015208 /* TripleTuple.cpp */; };
		DE7EB4E61DACCED700BCB499 /* main.cpp in Sources */ = {isa = PBXBuildFile; fileRef = DE7EB4E51DACCED700BCB499 /* main.cpp */; };
		DE9FC5D01DADC38400F555EC /* TripleTable.cpp in Sources */ = {isa = PBXBuildFile; fileRef = DE9FC5CF1DADC38400F555EC /* TripleTable.cpp */; };
/* End PBXBuildFile section */

/* Begin PBXCopyFilesBuildPhase section */
		DE7EB4E01DACCED700BCB499 /* CopyFiles */ = {
			isa = PBXCopyFilesBuildPhase;
			buildActionMask = 2147483647;
			dstPath = /usr/share/man/man1/;
			dstSubfolderSpec = 0;
			files = (
			);
			runOnlyForDeploymentPostprocessing = 1;
		};
/* End PBXCopyFilesBuildPhase section */

/* Begin PBXFileReference section */
		DE28C80D1DAFAEC70095E686 /* MLA.cpp */ = {isa = PBXFileReference; fileEncoding = 4; lastKnownFileType = sourcecode.cpp.cpp; path = MLA.cpp; sourceTree = "<group>"; };
		DE28C80E1DAFAEC70095E686 /* MLA.h */ = {isa = PBXFileReference; fileEncoding = 4; lastKnownFileType = sourcecode.c.h; path = MLA.h; sourceTree = "<group>"; };
		DE3F68C61DAE5E14003C9B4C /* Label.cpp */ = {isa = PBXFileReference; fileEncoding = 4; lastKnownFileType = sourcecode.cpp.cpp; path = Label.cpp; sourceTree = "<group>"; };
		DE3F68C71DAE5E14003C9B4C /* Label.h */ = {isa = PBXFileReference; fileEncoding = 4; lastKnownFileType = sourcecode.c.h; path = Label.h; sourceTree = "<group>"; };
		DE54A3E91DB072840067EDAE /* Errors.h */ = {isa = PBXFileReference; lastKnownFileType = sourcecode.c.h; path = Errors.h; sourceTree = "<group>"; };
		DE561D5F1DAD1DF000015208 /* TripleTuple.h */ = {isa = PBXFileReference; lastKnownFileType = sourcecode.c.h; path = TripleTuple.h; sourceTree = "<group>"; };
		DE561D601DAD1FCF00015208 /* TripleTuple.cpp */ = {isa = PBXFileReference; fileEncoding = 4; lastKnownFileType = sourcecode.cpp.cpp; path = TripleTuple.cpp; sourceTree = "<group>"; };
		DE7EB4E21DACCED700BCB499 /* MachineLearning */ = {isa = PBXFileReference; explicitFileType = "compiled.mach-o.executable"; includeInIndex = 0; path = MachineLearning; sourceTree = BUILT_PRODUCTS_DIR; };
		DE7EB4E51DACCED700BCB499 /* main.cpp */ = {isa = PBXFileReference; lastKnownFileType = sourcecode.cpp.cpp; path = main.cpp; sourceTree = "<group>"; };
		DE7EB4EC1DACCFB800BCB499 /* TripleTable.h */ = {isa = PBXFileReference; lastKnownFileType = sourcecode.c.h; path = TripleTable.h; sourceTree = "<group>"; };
		DE9FC5CF1DADC38400F555EC /* TripleTable.cpp */ = {isa = PBXFileReference; fileEncoding = 4; lastKnownFileType = sourcecode.cpp.cpp; path = TripleTable.cpp; sourceTree = "<group>"; };
/* End PBXFileReference section */

/* Begin PBXFrameworksBuildPhase section */
		DE7EB4DF1DACCED700BCB499 /* Frameworks */ = {
			isa = PBXFrameworksBuildPhase;
			buildActionMask = 2147483647;
			files = (
			);
			runOnlyForDeploymentPostprocessing = 0;
		};
/* End PBXFrameworksBuildPhase section */

/* Begin PBXGroup section */
		DE7EB4D91DACCED700BCB499 = {
			isa = PBXGroup;
			children = (
				DE7EB4E41DACCED700BCB499 /* MachineLearning */,
				DE7EB4E31DACCED700BCB499 /* Products */,
			);
			sourceTree = "<group>";
		};
		DE7EB4E31DACCED700BCB499 /* Products */ = {
			isa = PBXGroup;
			children = (
				DE7EB4E21DACCED700BCB499 /* MachineLearning */,
			);
			name = Products;
			sourceTree = "<group>";
		};
		DE7EB4E41DACCED700BCB499 /* MachineLearning */ = {
			isa = PBXGroup;
			children = (
				DE3F68C61DAE5E14003C9B4C /* Label.cpp */,
				DE7EB4E51DACCED700BCB499 /* main.cpp */,
				DE28C80D1DAFAEC70095E686 /* MLA.cpp */,
				DE9FC5CF1DADC38400F555EC /* TripleTable.cpp */,
				DE561D601DAD1FCF00015208 /* TripleTuple.cpp */,
				DE54A3E91DB072840067EDAE /* Errors.h */,
				DE3F68C71DAE5E14003C9B4C /* Label.h */,
				DE28C80E1DAFAEC70095E686 /* MLA.h */,
				DE7EB4EC1DACCFB800BCB499 /* TripleTable.h */,
				DE561D5F1DAD1DF000015208 /* TripleTuple.h */,
			);
			path = MachineLearning;
			sourceTree = "<group>";
		};
/* End PBXGroup section */

/* Begin PBXNativeTarget section */
		DE7EB4E11DACCED700BCB499 /* MachineLearning */ = {
			isa = PBXNativeTarget;
			buildConfigurationList = DE7EB4E91DACCED700BCB499 /* Build configuration list for PBXNativeTarget "MachineLearning" */;
			buildPhases = (
				DE7EB4DE1DACCED700BCB499 /* Sources */,
				DE7EB4DF1DACCED700BCB499 /* Frameworks */,
				DE7EB4E01DACCED700BCB499 /* CopyFiles */,
			);
			buildRules = (
			);
			dependencies = (
			);
			name = MachineLearning;
			productName = MachineLearning;
			productReference = DE7EB4E21DACCED700BCB499 /* MachineLearning */;
			productType = "com.apple.product-type.tool";
		};
/* End PBXNativeTarget section */

/* Begin PBXProject section */
		DE7EB4DA1DACCED700BCB499 /* Project object */ = {
			isa = PBXProject;
			attributes = {
				LastUpgradeCheck = 0730;
				ORGANIZATIONNAME = "毛润泽";
				TargetAttributes = {
					DE7EB4E11DACCED700BCB499 = {
						CreatedOnToolsVersion = 7.3.1;
					};
				};
			};
			buildConfigurationList = DE7EB4DD1DACCED700BCB499 /* Build configuration list for PBXProject "MachineLearning" */;
			compatibilityVersion = "Xcode 3.2";
			developmentRegion = English;
			hasScannedForEncodings = 0;
			knownRegions = (
				en,
			);
			mainGroup = DE7EB4D91DACCED700BCB499;
			productRefGroup = DE7EB4E31DACCED700BCB499 /* Products */;
			projectDirPath = "";
			projectRoot = "";
			targets = (
				DE7EB4E11DACCED700BCB499 /* MachineLearning */,
			);
		};
/* End PBXProject section */

/* Begin PBXSourcesBuildPhase section */
		DE7EB4DE1DACCED700BCB499 /* Sources */ = {
			isa = PBXSourcesBuildPhase;
			buildActionMask = 2147483647;
			files = (
				DE28C80F1DAFAEC70095E686 /* MLA.cpp in Sources */,
				DE561D611DAD1FCF00015208 /* TripleTuple.cpp in Sources */,
				DE7EB4E61DACCED700BCB499 /* main.cpp in Sources */,
				DE3F68C81DAE5E14003C9B4C /* Label.cpp in Sources */,
				DE9FC5D01DADC38400F555EC /* TripleTable.cpp in Sources */,
			);
			runOnlyForDeploymentPostprocessing = 0;
		};
/* End PBXSourcesBuildPhase section */

/* Begin XCBuildConfiguration section */
		DE7EB4E71DACCED700BCB499 /* Debug */ = {
			isa = XCBuildConfiguration;
			buildSettings = {
				ALWAYS_SEARCH_USER_PATHS = NO;
				CLANG_ANALYZER_NONNULL = YES;
				CLANG_CXX_LANGUAGE_STANDARD = "gnu++0x";
				CLANG_CXX_LIBRARY = "libc++";
				CLANG_ENABLE_MODULES = YES;
				CLANG_ENABLE_OBJC_ARC = YES;
				CLANG_WARN_BOOL_CONVERSION = YES;
				CLANG_WARN_CONSTANT_CONVERSION = YES;
				CLANG_WARN_DIRECT_OBJC_ISA_USAGE = YES_ERROR;
				CLANG_WARN_EMPTY_BODY = YES;
				CLANG_WARN_ENUM_CONVERSION = YES;
				CLANG_WARN_INT_CONVERSION = YES;
				CLANG_WARN_OBJC_ROOT_CLASS = YES_ERROR;
				CLANG_WARN_UNREACHABLE_CODE = YES;
				CLANG_WARN__DUPLICATE_METHOD_MATCH = YES;
				CODE_SIGN_IDENTITY = "-";
				COPY_PHASE_STRIP = NO;
				DEBUG_INFORMATION_FORMAT = dwarf;
				ENABLE_STRICT_OBJC_MSGSEND = YES;
				ENABLE_TESTABILITY = YES;
				GCC_C_LANGUAGE_STANDARD = gnu99;
				GCC_DYNAMIC_NO_PIC = NO;
				GCC_NO_COMMON_BLOCKS = YES;
				GCC_OPTIMIZATION_LEVEL = 0;
				GCC_PREPROCESSOR_DEFINITIONS = (
					"DEBUG=1",
					"$(inherited)",
				);
				GCC_WARN_64_TO_32_BIT_CONVERSION = YES;
				GCC_WARN_ABOUT_RETURN_TYPE = YES_ERROR;
				GCC_WARN_UNDECLARED_SELECTOR = YES;
				GCC_WARN_UNINITIALIZED_AUTOS = YES_AGGRESSIVE;
				GCC_WARN_UNUSED_FUNCTION = YES;
				GCC_WARN_UNUSED_VARIABLE = YES;
				MACOSX_DEPLOYMENT_TARGET = 10.11;
				MTL_ENABLE_DEBUG_INFO = YES;
				ONLY_ACTIVE_ARCH = YES;
				SDKROOT = macosx;
			};
			name = Debug;
		};
		DE7EB4E81DACCED700BCB499 /* Release */ = {
			isa = XCBuildConfiguration;
			buildSettings = {
				ALWAYS_SEARCH_USER_PATHS = NO;
				CLANG_ANALYZER_NONNULL = YES;
				CLANG_CXX_LANGUAGE_STANDARD = "gnu++0x";
				CLANG_CXX_LIBRARY = "libc++";
				CLANG_ENABLE_MODULES = YES;
				CLANG_ENABLE_OBJC_ARC = YES;
				CLANG_WARN_BOOL_CONVERSION = YES;
				CLANG_WARN_CONSTANT_CONVERSION = YES;
				CLANG_WARN_DIRECT_OBJC_ISA_USAGE = YES_ERROR;
				CLANG_WARN_EMPTY_BODY = YES;
				CLANG_WARN_ENUM_CONVERSION = YES;
				CLANG_WARN_INT_CONVERSION = YES;
				CLANG_WARN_OBJC_ROOT_CLASS = YES_ERROR;
				CLANG_WARN_UNREACHABLE_CODE = YES;
				CLANG_WARN__DUPLICATE_METHOD_MATCH = YES;
				CODE_SIGN_IDENTITY = "-";
				COPY_PHASE_STRIP = NO;
				DEBUG_INFORMATION_FORMAT = "dwarf-with-dsym";
				ENABLE_NS_ASSERTIONS = NO;
				ENABLE_STRICT_OBJC_MSGSEND = YES;
				GCC_C_LANGUAGE_STANDARD = gnu99;
				GCC_NO_COMMON_BLOCKS = YES;
				GCC_WARN_64_TO_32_BIT_CONVERSION = YES;
				GCC_WARN_ABOUT_RETURN_TYPE = YES_ERROR;
				GCC_WARN_UNDECLARED_SELECTOR = YES;
				GCC_WARN_UNINITIALIZED_AUTOS = YES_AGGRESSIVE;
				GCC_WARN_UNUSED_FUNCTION = YES;
				GCC_WARN_UNUSED_VARIABLE = YES;
				MACOSX_DEPLOYMENT_TARGET = 10.11;
				MTL_ENABLE_DEBUG_INFO = NO;
				SDKROOT = macosx;
			};
			name = Release;
		};
		DE7EB4EA1DACCED700BCB499 /* Debug */ = {
			isa = XCBuildConfiguration;
			buildSettings = {
				PRODUCT_NAME = "$(TARGET_NAME)";
			};
			name = Debug;
		};
		DE7EB4EB1DACCED700BCB499 /* Release */ = {
			isa = XCBuildConfiguration;
			buildSettings = {
				PRODUCT_NAME = "$(TARGET_NAME)";
			};
			name = Release;
		};
/* End XCBuildConfiguration section */

/* Begin XCConfigurationList section */
		DE7EB4DD1DACCED700BCB499 /* Build configuration list for PBXProject "MachineLearning" */ = {
			isa = XCConfigurationList;
			buildConfigurations = (
				DE7EB4E71DACCED700BCB499 /* Debug */,
				DE7EB4E81DACCED700BCB499 /* Release */,
			);
			defaultConfigurationIsVisible = 0;
			defaultConfigurationName = Release;
		};
		DE7EB4E91DACCED700BCB499 /* Build configuration list for PBXNativeTarget "MachineLearning" */ = {
			isa = XCConfigurationList;
			buildConfigurations = (
				DE7EB4EA1DACCED700BCB499 /* Debug */,
				DE7EB4EB1DACCED700BCB499 /* Release */,
			);
			defaultConfigurationIsVisible = 0;
			defaultConfigurationName = Release;
		};
/* End XCConfigurationList section */
	};
	rootObject = DE7EB4DA1DACCED700BCB499 /* Project object */;
}
